
Microsoft Visual Studio Solution File, Format Version 12.00
# Visual Studio 15
VisualStudioVersion = 15.0.27004.2002
MinimumVisualStudioVersion = 10.0.40219.1
Project("{FAE04EC0-301F-11D3-BF4B-00C04F79EFBC}") = "SQH.Web", "SQH.Web\SQH.Web.csproj", "{AD1DEC0D-11EF-4E87-BA08-E448B76AECF2}"
EndProject
Project("{FAE04EC0-301F-11D3-BF4B-00C04F79EFBC}") = "SQH.Entities", "SQH.Entities\SQH.Entities.csproj", "{5CF24252-1D0B-4C93-8358-58A27395D4C1}"
EndProject
Project("{FAE04EC0-301F-11D3-BF4B-00C04F79EFBC}") = "SQH.Business", "SQH.Business\SQH.Business.csproj", "{6C436818-B473-46E4-9A35-72BF6A2083D1}"
EndProject
Project("{FAE04EC0-301F-11D3-BF4B-00C04F79EFBC}") = "SQH.Proxy", "SQH.Proxy\SQH.Proxy.csproj", "{AC9DAB6E-872A-43BB-BC24-E85DD79A1299}"
EndProject
Project("{FAE04EC0-301F-11D3-BF4B-00C04F79EFBC}") = "SQH.IoC", "SQH.IoC\SQH.IoC.csproj", "{81C76948-39D8-43F4-9950-7D797C53C21F}"
EndProject
Project("{FAE04EC0-301F-11D3-BF4B-00C04F79EFBC}") = "SQH.Shared", "SQH.Shared\SQH.Shared.csproj", "{911EA2D0-36CA-4C28-96CD-6E01FAAC71E5}"
EndProject
Global
	GlobalSection(SolutionConfigurationPlatforms) = preSolution
		Debug|Any CPU = Debug|Any CPU
		Release|Any CPU = Release|Any CPU
	EndGlobalSection
	GlobalSection(ProjectConfigurationPlatforms) = postSolution
		{AD1DEC0D-11EF-4E87-BA08-E448B76AECF2}.Debug|Any CPU.ActiveCfg = Debug|Any CPU
		{AD1DEC0D-11EF-4E87-BA08-E448B76AECF2}.Debug|Any CPU.Build.0 = Debug|Any CPU
		{AD1DEC0D-11EF-4E87-BA08-E448B76AECF2}.Release|Any CPU.ActiveCfg = Release|Any CPU
		{AD1DEC0D-11EF-4E87-BA08-E448B76AECF2}.Release|Any CPU.Build.0 = Release|Any CPU
		{5CF24252-1D0B-4C93-8358-58A27395D4C1}.Debug|Any CPU.ActiveCfg = Debug|Any CPU
		{5CF24252-1D0B-4C93-8358-58A27395D4C1}.Debug|Any CPU.Build.0 = Debug|Any CPU
		{5CF24252-1D0B-4C93-8358-58A27395D4C1}.Release|Any CPU.ActiveCfg = Release|Any CPU
		{5CF24252-1D0B-4C93-8358-58A27395D4C1}.Release|Any CPU.Build.0 = Release|Any CPU
		{6C436818-B473-46E4-9A35-72BF6A2083D1}.Debug|Any CPU.ActiveCfg = Debug|Any CPU
		{6C436818-B473-46E4-9A35-72BF6A2083D1}.Debug|Any CPU.Build.0 = Debug|Any CPU
		{6C436818-B473-46E4-9A35-72BF6A2083D1}.Release|Any CPU.ActiveCfg = Release|Any CPU
		{6C436818-B473-46E4-9A35-72BF6A2083D1}.Release|Any CPU.Build.0 = Release|Any CPU
		{AC9DAB6E-872A-43BB-BC24-E85DD79A1299}.Debug|Any CPU.ActiveCfg = Debug|Any CPU
		{AC9DAB6E-872A-43BB-BC24-E85DD79A1299}.Debug|Any CPU.Build.0 = Debug|Any CPU
		{AC9DAB6E-872A-43BB-BC24-E85DD79A1299}.Release|Any CPU.ActiveCfg = Release|Any CPU
		{AC9DAB6E-872A-43BB-BC24-E85DD79A1299}.Release|Any CPU.Build.0 = Release|Any CPU
		{81C76948-39D8-43F4-9950-7D797C53C21F}.Debug|Any CPU.ActiveCfg = Debug|Any CPU
		{81C76948-39D8-43F4-9950-7D797C53C21F}.Debug|Any CPU.Build.0 = Debug|Any CPU
		{81C76948-39D8-43F4-9950-7D797C53C21F}.Release|Any CPU.ActiveCfg = Release|Any CPU
		{81C76948-39D8-43F4-9950-7D797C53C21F}.Release|Any CPU.Build.0 = Release|Any CPU
		{911EA2D0-36CA-4C28-96CD-6E01FAAC71E5}.Debug|Any CPU.ActiveCfg = Debug|Any CPU
		{911EA2D0-36CA-4C28-96CD-6E01FAAC71E5}.Debug|Any CPU.Build.0 = Debug|Any CPU
		{911EA2D0-36CA-4C28-96CD-6E01FAAC71E5}.Release|Any CPU.ActiveCfg = Release|Any CPU
		{911EA2D0-36CA-4C28-96CD-6E01FAAC71E5}.Release|Any CPU.Build.0 = Release|Any CPU
	EndGlobalSection
	GlobalSection(SolutionProperties) = preSolution
		HideSolutionNode = FALSE
	EndGlobalSection
	GlobalSection(ExtensibilityGlobals) = postSolution
		SolutionGuid = {1920AED8-E39E-4EF0-98ED-5105051DE024}
	EndGlobalSection
EndGlobal
